
Microsoft Visual Studio Solution File, Format Version 12.00
# Visual Studio 15
VisualStudioVersion = 15.0.26730.10
MinimumVisualStudioVersion = 10.0.40219.1
Project("{FAE04EC0-301F-11D3-BF4B-00C04F79EFBC}") = "PeachDigital.Administration", "PeachDigital.Administration\PeachDigital.Administration.csproj", "{4B3BE5D5-D7DE-4FC9-8DE9-6CA497DABF61}"
EndProject
Project("{FAE04EC0-301F-11D3-BF4B-00C04F79EFBC}") = "PeachDigital.Administration.Common", "PeachDigital.Administration.Common\PeachDigital.Administration.Common.csproj", "{4081775E-0719-4B47-912F-A6A5C6921C06}"
EndProject
Global
	GlobalSection(SolutionConfigurationPlatforms) = preSolution
		Debug|Any CPU = Debug|Any CPU
		Release|Any CPU = Release|Any CPU
	EndGlobalSection
	GlobalSection(ProjectConfigurationPlatforms) = postSolution
		{4B3BE5D5-D7DE-4FC9-8DE9-6CA497DABF61}.Debug|Any CPU.ActiveCfg = Debug|Any CPU
		{4B3BE5D5-D7DE-4FC9-8DE9-6CA497DABF61}.Debug|Any CPU.Build.0 = Debug|Any CPU
		{4B3BE5D5-D7DE-4FC9-8DE9-6CA497DABF61}.Release|Any CPU.ActiveCfg = Release|Any CPU
		{4B3BE5D5-D7DE-4FC9-8DE9-6CA497DABF61}.Release|Any CPU.Build.0 = Release|Any CPU
		{4081775E-0719-4B47-912F-A6A5C6921C06}.Debug|Any CPU.ActiveCfg = Debug|Any CPU
		{4081775E-0719-4B47-912F-A6A5C6921C06}.Debug|Any CPU.Build.0 = Debug|Any CPU
		{4081775E-0719-4B47-912F-A6A5C6921C06}.Release|Any CPU.ActiveCfg = Release|Any CPU
		{4081775E-0719-4B47-912F-A6A5C6921C06}.Release|Any CPU.Build.0 = Release|Any CPU
	EndGlobalSection
	GlobalSection(SolutionProperties) = preSolution
		HideSolutionNode = FALSE
	EndGlobalSection
	GlobalSection(ExtensibilityGlobals) = postSolution
		SolutionGuid = {BB36DB57-5EA8-4CBB-9987-A242864E279A}
	EndGlobalSection
EndGlobal
